
Microsoft Visual Studio Solution File, Format Version 12.00
# Visual Studio Version 17
VisualStudioVersion = 17.8.34511.84
MinimumVisualStudioVersion = 10.0.40219.1
Project("{FAE04EC0-301F-11D3-BF4B-00C04F79EFBC}") = "exam0100", "exam0100.csproj", "{F552A1A9-9361-492D-B2BC-E70CDDE2E748}"
EndProject
Global
	GlobalSection(SolutionConfigurationPlatforms) = preSolution
		Debug|Any CPU = Debug|Any CPU
		Release|Any CPU = Release|Any CPU
	EndGlobalSection
	GlobalSection(ProjectConfigurationPlatforms) = postSolution
		{F552A1A9-9361-492D-B2BC-E70CDDE2E748}.Debug|Any CPU.ActiveCfg = Debug|Any CPU
		{F552A1A9-9361-492D-B2BC-E70CDDE2E748}.Debug|Any CPU.Build.0 = Debug|Any CPU
		{F552A1A9-9361-492D-B2BC-E70CDDE2E748}.Release|Any CPU.ActiveCfg = Release|Any CPU
		{F552A1A9-9361-492D-B2BC-E70CDDE2E748}.Release|Any CPU.Build.0 = Release|Any CPU
	EndGlobalSection
	GlobalSection(SolutionProperties) = preSolution
		HideSolutionNode = FALSE
	EndGlobalSection
	GlobalSection(ExtensibilityGlobals) = postSolution
		SolutionGuid = {5A4CA1E1-E667-422E-B1CA-48A699592988}
	EndGlobalSection
EndGlobal
